
Microsoft Visual Studio Solution File, Format Version 12.00
# Visual Studio Version 17
VisualStudioVersion = 17.7.34009.444
MinimumVisualStudioVersion = 10.0.40219.1
Project("{FAE04EC0-301F-11D3-BF4B-00C04F79EFBC}") = "ExInterfaceAbstract", "ExInterfaceAbstract.csproj", "{04BA48B2-249B-4C6F-94B9-2E7BF439DE50}"
EndProject
Global
	GlobalSection(SolutionConfigurationPlatforms) = preSolution
		Debug|Any CPU = Debug|Any CPU
		Release|Any CPU = Release|Any CPU
	EndGlobalSection
	GlobalSection(ProjectConfigurationPlatforms) = postSolution
		{04BA48B2-249B-4C6F-94B9-2E7BF439DE50}.Debug|Any CPU.ActiveCfg = Debug|Any CPU
		{04BA48B2-249B-4C6F-94B9-2E7BF439DE50}.Debug|Any CPU.Build.0 = Debug|Any CPU
		{04BA48B2-249B-4C6F-94B9-2E7BF439DE50}.Release|Any CPU.ActiveCfg = Release|Any CPU
		{04BA48B2-249B-4C6F-94B9-2E7BF439DE50}.Release|Any CPU.Build.0 = Release|Any CPU
	EndGlobalSection
	GlobalSection(SolutionProperties) = preSolution
		HideSolutionNode = FALSE
	EndGlobalSection
	GlobalSection(ExtensibilityGlobals) = postSolution
		SolutionGuid = {26C7C8F5-C4B8-45E4-B488-3CCDE7EA50F9}
	EndGlobalSection
EndGlobal
